// !$*UTF8*$!
{
	archiveVersion = 1;
	classes = {
	};
	objectVersion = 51;
	objects = {

/* Begin PBXBuildFile section */
		1B2D47A8248E3E0800926AAA /* FloatingVideoView.swift in Sources */ = {isa = PBXBuildFile; fileRef = 1B2D47A5248E3E0800926AAA /* FloatingVideoView.swift */; };
		1B2D47A9248E3E0800926AAA /* FloatingVideoViewConstants.swift in Sources */ = {isa = PBXBuildFile; fileRef = 1B2D47A6248E3E0800926AAA /* FloatingVideoViewConstants.swift */; };
		1B2D47AB248E8A2500926AAA /* FloatingVideoView.xib in Resources */ = {isa = PBXBuildFile; fileRef = 1B2D47AA248E8A2500926AAA /* FloatingVideoView.xib */; };
		1B45789C2497BD67005FB0BD /* ReplayKitScreenShare.swift in Sources */ = {isa = PBXBuildFile; fileRef = 1B45789B2497BD67005FB0BD /* ReplayKitScreenShare.swift */; };
		1B7F156524755BB800AC35C0 /* AppDelegate.swift in Sources */ = {isa = PBXBuildFile; fileRef = 1B7F156424755BB800AC35C0 /* AppDelegate.swift */; };
		1B7F156724755BB800AC35C0 /* SceneDelegate.swift in Sources */ = {isa = PBXBuildFile; fileRef = 1B7F156624755BB800AC35C0 /* SceneDelegate.swift */; };
		1B7F156924755BB800AC35C0 /* ViewController.swift in Sources */ = {isa = PBXBuildFile; fileRef = 1B7F156824755BB800AC35C0 /* ViewController.swift */; };
		1B7F156C24755BB800AC35C0 /* Main.storyboard in Resources */ = {isa = PBXBuildFile; fileRef = 1B7F156A24755BB800AC35C0 /* Main.storyboard */; };
		1B7F156E24755BBA00AC35C0 /* Assets.xcassets in Resources */ = {isa = PBXBuildFile; fileRef = 1B7F156D24755BBA00AC35C0 /* Assets.xcassets */; };
		1B7F157124755BBA00AC35C0 /* LaunchScreen.storyboard in Resources */ = {isa = PBXBuildFile; fileRef = 1B7F156F24755BBA00AC35C0 /* LaunchScreen.storyboard */; };
		1B7F157C2475609600AC35C0 /* HttpClient.swift in Sources */ = {isa = PBXBuildFile; fileRef = 1B7F157B2475609600AC35C0 /* HttpClient.swift */; };
		1B7F157E24756A0700AC35C0 /* WebRTCClient.swift in Sources */ = {isa = PBXBuildFile; fileRef = 1B7F157D24756A0700AC35C0 /* WebRTCClient.swift */; };
		1B7F158024756A1600AC35C0 /* SocketClient.swift in Sources */ = {isa = PBXBuildFile; fileRef = 1B7F157F24756A1600AC35C0 /* SocketClient.swift */; };
		1B7F158224757D8B00AC35C0 /* Helpers.swift in Sources */ = {isa = PBXBuildFile; fileRef = 1B7F158124757D8B00AC35C0 /* Helpers.swift */; };
		1B7F158424757E4200AC35C0 /* Constants.swift in Sources */ = {isa = PBXBuildFile; fileRef = 1B7F158324757E4200AC35C0 /* Constants.swift */; };
		1BA138DE24964F74007EF8EC /* ScreenCapture.swift in Sources */ = {isa = PBXBuildFile; fileRef = 1BA138DD24964F74007EF8EC /* ScreenCapture.swift */; };
		1BA183E62663865D0039FA00 /* BaseViewController.swift in Sources */ = {isa = PBXBuildFile; fileRef = 1BA183E52663865D0039FA00 /* BaseViewController.swift */; };
		1BBA1C1E24758FB500E48B84 /* OpenViduManager.swift in Sources */ = {isa = PBXBuildFile; fileRef = 1BBA1C1D24758FB500E48B84 /* OpenViduManager.swift */; };
		1BBA1C21247593CF00E48B84 /* LocalParticipant.swift in Sources */ = {isa = PBXBuildFile; fileRef = 1BBA1C1F247593CF00E48B84 /* LocalParticipant.swift */; };
		1BBA1C22247593CF00E48B84 /* RemoteParticipant.swift in Sources */ = {isa = PBXBuildFile; fileRef = 1BBA1C20247593CF00E48B84 /* RemoteParticipant.swift */; };
		1BC1CA9A24768FF300B32578 /* Participant.swift in Sources */ = {isa = PBXBuildFile; fileRef = 1BC1CA9924768FF300B32578 /* Participant.swift */; };
		9E7F78E39ABC5AE5DE63062A /* Pods_VideoChat.framework in Frameworks */ = {isa = PBXBuildFile; fileRef = FCCD8BDDE53EDA92D8954E5A /* Pods_VideoChat.framework */; };
/* End PBXBuildFile section */

/* Begin PBXFileReference section */
		1B2D47A5248E3E0800926AAA /* FloatingVideoView.swift */ = {isa = PBXFileReference; fileEncoding = 4; lastKnownFileType = sourcecode.swift; path = FloatingVideoView.swift; sourceTree = "<group>"; };
		1B2D47A6248E3E0800926AAA /* FloatingVideoViewConstants.swift */ = {isa = PBXFileReference; fileEncoding = 4; lastKnownFileType = sourcecode.swift; path = FloatingVideoViewConstants.swift; sourceTree = "<group>"; };
		1B2D47AA248E8A2500926AAA /* FloatingVideoView.xib */ = {isa = PBXFileReference; fileEncoding = 4; lastKnownFileType = file.xib; path = FloatingVideoView.xib; sourceTree = "<group>"; };
		1B45789B2497BD67005FB0BD /* ReplayKitScreenShare.swift */ = {isa = PBXFileReference; lastKnownFileType = sourcecode.swift; path = ReplayKitScreenShare.swift; sourceTree = "<group>"; };
		1B7F156124755BB800AC35C0 /* VideoChat.app */ = {isa = PBXFileReference; explicitFileType = wrapper.application; includeInIndex = 0; path = VideoChat.app; sourceTree = BUILT_PRODUCTS_DIR; };
		1B7F156424755BB800AC35C0 /* AppDelegate.swift */ = {isa = PBXFileReference; lastKnownFileType = sourcecode.swift; path = AppDelegate.swift; sourceTree = "<group>"; };
		1B7F156624755BB800AC35C0 /* SceneDelegate.swift */ = {isa = PBXFileReference; lastKnownFileType = sourcecode.swift; path = SceneDelegate.swift; sourceTree = "<group>"; };
		1B7F156824755BB800AC35C0 /* ViewController.swift */ = {isa = PBXFileReference; lastKnownFileType = sourcecode.swift; path = ViewController.swift; sourceTree = "<group>"; };
		1B7F156B24755BB800AC35C0 /* Base */ = {isa = PBXFileReference; lastKnownFileType = file.storyboard; name = Base; path = Base.lproj/Main.storyboard; sourceTree = "<group>"; };
		1B7F156D24755BBA00AC35C0 /* Assets.xcassets */ = {isa = PBXFileReference; lastKnownFileType = folder.assetcatalog; path = Assets.xcassets; sourceTree = "<group>"; };
		1B7F157024755BBA00AC35C0 /* Base */ = {isa = PBXFileReference; lastKnownFileType = file.storyboard; name = Base; path = Base.lproj/LaunchScreen.storyboard; sourceTree = "<group>"; };
		1B7F157224755BBA00AC35C0 /* Info.plist */ = {isa = PBXFileReference; lastKnownFileType = text.plist.xml; path = Info.plist; sourceTree = "<group>"; };
		1B7F157B2475609600AC35C0 /* HttpClient.swift */ = {isa = PBXFileReference; fileEncoding = 4; lastKnownFileType = sourcecode.swift; path = HttpClient.swift; sourceTree = "<group>"; };
		1B7F157D24756A0700AC35C0 /* WebRTCClient.swift */ = {isa = PBXFileReference; lastKnownFileType = sourcecode.swift; path = WebRTCClient.swift; sourceTree = "<group>"; };
		1B7F157F24756A1600AC35C0 /* SocketClient.swift */ = {isa = PBXFileReference; lastKnownFileType = sourcecode.swift; path = SocketClient.swift; sourceTree = "<group>"; };
		1B7F158124757D8B00AC35C0 /* Helpers.swift */ = {isa = PBXFileReference; lastKnownFileType = sourcecode.swift; path = Helpers.swift; sourceTree = "<group>"; };
		1B7F158324757E4200AC35C0 /* Constants.swift */ = {isa = PBXFileReference; fileEncoding = 4; lastKnownFileType = sourcecode.swift; path = Constants.swift; sourceTree = "<group>"; };
		1BA138DD24964F74007EF8EC /* ScreenCapture.swift */ = {isa = PBXFileReference; lastKnownFileType = sourcecode.swift; path = ScreenCapture.swift; sourceTree = "<group>"; };
		1BA183E52663865D0039FA00 /* BaseViewController.swift */ = {isa = PBXFileReference; lastKnownFileType = sourcecode.swift; path = BaseViewController.swift; sourceTree = "<group>"; };
		1BBA1C1D24758FB500E48B84 /* OpenViduManager.swift */ = {isa = PBXFileReference; lastKnownFileType = sourcecode.swift; path = OpenViduManager.swift; sourceTree = "<group>"; };
		1BBA1C1F247593CF00E48B84 /* LocalParticipant.swift */ = {isa = PBXFileReference; fileEncoding = 4; lastKnownFileType = sourcecode.swift; path = LocalParticipant.swift; sourceTree = "<group>"; };
		1BBA1C20247593CF00E48B84 /* RemoteParticipant.swift */ = {isa = PBXFileReference; fileEncoding = 4; lastKnownFileType = sourcecode.swift; path = RemoteParticipant.swift; sourceTree = "<group>"; };
		1BC1CA9924768FF300B32578 /* Participant.swift */ = {isa = PBXFileReference; lastKnownFileType = sourcecode.swift; path = Participant.swift; sourceTree = "<group>"; };
		509CEE8141677179870970B9 /* Pods-VideoChat.release.xcconfig */ = {isa = PBXFileReference; includeInIndex = 1; lastKnownFileType = text.xcconfig; name = "Pods-VideoChat.release.xcconfig"; path = "Target Support Files/Pods-VideoChat/Pods-VideoChat.release.xcconfig"; sourceTree = "<group>"; };
		5BBFF9E2DC2D1FDB53D799E1 /* Pods-VideoChat.debug.xcconfig */ = {isa = PBXFileReference; includeInIndex = 1; lastKnownFileType = text.xcconfig; name = "Pods-VideoChat.debug.xcconfig"; path = "Target Support Files/Pods-VideoChat/Pods-VideoChat.debug.xcconfig"; sourceTree = "<group>"; };
		FCCD8BDDE53EDA92D8954E5A /* Pods_VideoChat.framework */ = {isa = PBXFileReference; explicitFileType = wrapper.framework; includeInIndex = 0; path = Pods_VideoChat.framework; sourceTree = BUILT_PRODUCTS_DIR; };
/* End PBXFileReference section */

/* Begin PBXFrameworksBuildPhase section */
		1B7F155E24755BB800AC35C0 /* Frameworks */ = {
			isa = PBXFrameworksBuildPhase;
			buildActionMask = 2147483647;
			files = (
				9E7F78E39ABC5AE5DE63062A /* Pods_VideoChat.framework in Frameworks */,
			);
			runOnlyForDeploymentPostprocessing = 0;
		};
/* End PBXFrameworksBuildPhase section */

/* Begin PBXGroup section */
		1B2D479D248DEFF200926AAA /* FloatingVideoView */ = {
			isa = PBXGroup;
			children = (
				1B2D47AA248E8A2500926AAA /* FloatingVideoView.xib */,
				1B2D47A5248E3E0800926AAA /* FloatingVideoView.swift */,
				1B2D47A6248E3E0800926AAA /* FloatingVideoViewConstants.swift */,
			);
			path = FloatingVideoView;
			sourceTree = "<group>";
		};
		1B7F155824755BB800AC35C0 = {
			isa = PBXGroup;
			children = (
				1B7F156324755BB800AC35C0 /* VideoChat */,
				1B7F156224755BB800AC35C0 /* Products */,
				C048E014E97B119F006E45C4 /* Pods */,
				1CE6A746668F360A78E18737 /* Frameworks */,
			);
			sourceTree = "<group>";
		};
		1B7F156224755BB800AC35C0 /* Products */ = {
			isa = PBXGroup;
			children = (
				1B7F156124755BB800AC35C0 /* VideoChat.app */,
			);
			name = Products;
			sourceTree = "<group>";
		};
		1B7F156324755BB800AC35C0 /* VideoChat */ = {
			isa = PBXGroup;
			children = (
				1B2D479D248DEFF200926AAA /* FloatingVideoView */,
				1B7F157824755D2F00AC35C0 /* Openvidu */,
				1B7F156424755BB800AC35C0 /* AppDelegate.swift */,
				1B7F156624755BB800AC35C0 /* SceneDelegate.swift */,
				1B7F156824755BB800AC35C0 /* ViewController.swift */,
				1BBA1C1D24758FB500E48B84 /* OpenViduManager.swift */,
				1B7F156A24755BB800AC35C0 /* Main.storyboard */,
				1B7F156D24755BBA00AC35C0 /* Assets.xcassets */,
				1B7F156F24755BBA00AC35C0 /* LaunchScreen.storyboard */,
				1B7F157224755BBA00AC35C0 /* Info.plist */,
				1BA183E52663865D0039FA00 /* BaseViewController.swift */,
			);
			path = VideoChat;
			sourceTree = "<group>";
		};
		1B7F157824755D2F00AC35C0 /* Openvidu */ = {
			isa = PBXGroup;
			children = (
				1BC1CA9924768FF300B32578 /* Participant.swift */,
				1BBA1C1F247593CF00E48B84 /* LocalParticipant.swift */,
				1BBA1C20247593CF00E48B84 /* RemoteParticipant.swift */,
				1B7F158324757E4200AC35C0 /* Constants.swift */,
				1B7F157B2475609600AC35C0 /* HttpClient.swift */,
				1B7F157D24756A0700AC35C0 /* WebRTCClient.swift */,
				1B7F157F24756A1600AC35C0 /* SocketClient.swift */,
				1B7F158124757D8B00AC35C0 /* Helpers.swift */,
				1BA138DD24964F74007EF8EC /* ScreenCapture.swift */,
				1B45789B2497BD67005FB0BD /* ReplayKitScreenShare.swift */,
			);
			path = Openvidu;
			sourceTree = "<group>";
		};
		1CE6A746668F360A78E18737 /* Frameworks */ = {
			isa = PBXGroup;
			children = (
				FCCD8BDDE53EDA92D8954E5A /* Pods_VideoChat.framework */,
			);
			name = Frameworks;
			sourceTree = "<group>";
		};
		C048E014E97B119F006E45C4 /* Pods */ = {
			isa = PBXGroup;
			children = (
				5BBFF9E2DC2D1FDB53D799E1 /* Pods-VideoChat.debug.xcconfig */,
				509CEE8141677179870970B9 /* Pods-VideoChat.release.xcconfig */,
			);
			path = Pods;
			sourceTree = "<group>";
		};
/* End PBXGroup section */

/* Begin PBXNativeTarget section */
		1B7F156024755BB800AC35C0 /* VideoChat */ = {
			isa = PBXNativeTarget;
			buildConfigurationList = 1B7F157524755BBA00AC35C0 /* Build configuration list for PBXNativeTarget "VideoChat" */;
			buildPhases = (
				FE89981714E10CCC895C1042 /* [CP] Check Pods Manifest.lock */,
				1B7F155D24755BB800AC35C0 /* Sources */,
				1B7F155E24755BB800AC35C0 /* Frameworks */,
				1B7F155F24755BB800AC35C0 /* Resources */,
				7E2501FA847760EF6CABE272 /* [CP] Embed Pods Frameworks */,
			);
			buildRules = (
			);
			dependencies = (
			);
			name = VideoChat;
			productName = VideoChat;
			productReference = 1B7F156124755BB800AC35C0 /* VideoChat.app */;
			productType = "com.apple.product-type.application";
		};
/* End PBXNativeTarget section */

/* Begin PBXProject section */
		1B7F155924755BB800AC35C0 /* Project object */ = {
			isa = PBXProject;
			attributes = {
				LastSwiftUpdateCheck = 1140;
				LastUpgradeCheck = 1140;
				TargetAttributes = {
					1B7F156024755BB800AC35C0 = {
						CreatedOnToolsVersion = 11.4.1;
					};
				};
			};
			buildConfigurationList = 1B7F155C24755BB800AC35C0 /* Build configuration list for PBXProject "VideoChat" */;
			compatibilityVersion = "Xcode 9.3";
			developmentRegion = en;
			hasScannedForEncodings = 0;
			knownRegions = (
				en,
				Base,
			);
			mainGroup = 1B7F155824755BB800AC35C0;
			productRefGroup = 1B7F156224755BB800AC35C0 /* Products */;
			projectDirPath = "";
			projectRoot = "";
			targets = (
				1B7F156024755BB800AC35C0 /* VideoChat */,
			);
		};
/* End PBXProject section */

/* Begin PBXResourcesBuildPhase section */
		1B7F155F24755BB800AC35C0 /* Resources */ = {
			isa = PBXResourcesBuildPhase;
			buildActionMask = 2147483647;
			files = (
				1B2D47AB248E8A2500926AAA /* FloatingVideoView.xib in Resources */,
				1B7F157124755BBA00AC35C0 /* LaunchScreen.storyboard in Resources */,
				1B7F156E24755BBA00AC35C0 /* Assets.xcassets in Resources */,
				1B7F156C24755BB800AC35C0 /* Main.storyboard in Resources */,
			);
			runOnlyForDeploymentPostprocessing = 0;
		};
/* End PBXResourcesBuildPhase section */

/* Begin PBXShellScriptBuildPhase section */
		7E2501FA847760EF6CABE272 /* [CP] Embed Pods Frameworks */ = {
			isa = PBXShellScriptBuildPhase;
			buildActionMask = 2147483647;
			files = (
			);
			inputFileListPaths = (
				"${PODS_ROOT}/Target Support Files/Pods-VideoChat/Pods-VideoChat-frameworks-${CONFIGURATION}-input-files.xcfilelist",
			);
			name = "[CP] Embed Pods Frameworks";
			outputFileListPaths = (
				"${PODS_ROOT}/Target Support Files/Pods-VideoChat/Pods-VideoChat-frameworks-${CONFIGURATION}-output-files.xcfilelist",
			);
			runOnlyForDeploymentPostprocessing = 0;
			shellPath = /bin/sh;
			shellScript = "\"${PODS_ROOT}/Target Support Files/Pods-VideoChat/Pods-VideoChat-frameworks.sh\"\n";
			showEnvVarsInLog = 0;
		};
		FE89981714E10CCC895C1042 /* [CP] Check Pods Manifest.lock */ = {
			isa = PBXShellScriptBuildPhase;
			buildActionMask = 2147483647;
			files = (
			);
			inputFileListPaths = (
			);
			inputPaths = (
				"${PODS_PODFILE_DIR_PATH}/Podfile.lock",
				"${PODS_ROOT}/Manifest.lock",
			);
			name = "[CP] Check Pods Manifest.lock";
			outputFileListPaths = (
			);
			outputPaths = (
				"$(DERIVED_FILE_DIR)/Pods-VideoChat-checkManifestLockResult.txt",
			);
			runOnlyForDeploymentPostprocessing = 0;
			shellPath = /bin/sh;
			shellScript = "diff \"${PODS_PODFILE_DIR_PATH}/Podfile.lock\" \"${PODS_ROOT}/Manifest.lock\" > /dev/null\nif [ $? != 0 ] ; then\n    # print error to STDERR\n    echo \"error: The sandbox is not in sync with the Podfile.lock. Run 'pod install' or update your CocoaPods installation.\" >&2\n    exit 1\nfi\n# This output is used by Xcode 'outputs' to avoid re-running this script phase.\necho \"SUCCESS\" > \"${SCRIPT_OUTPUT_FILE_0}\"\n";
			showEnvVarsInLog = 0;
		};
/* End PBXShellScriptBuildPhase section */

/* Begin PBXSourcesBuildPhase section */
		1B7F155D24755BB800AC35C0 /* Sources */ = {
			isa = PBXSourcesBuildPhase;
			buildActionMask = 2147483647;
			files = (
				1B2D47A8248E3E0800926AAA /* FloatingVideoView.swift in Sources */,
				1B45789C2497BD67005FB0BD /* ReplayKitScreenShare.swift in Sources */,
				1B7F157C2475609600AC35C0 /* HttpClient.swift in Sources */,
				1B2D47A9248E3E0800926AAA /* FloatingVideoViewConstants.swift in Sources */,
				1BA183E62663865D0039FA00 /* BaseViewController.swift in Sources */,
				1BBA1C22247593CF00E48B84 /* RemoteParticipant.swift in Sources */,
				1BBA1C1E24758FB500E48B84 /* OpenViduManager.swift in Sources */,
				1B7F156924755BB800AC35C0 /* ViewController.swift in Sources */,
				1BC1CA9A24768FF300B32578 /* Participant.swift in Sources */,
				1B7F156524755BB800AC35C0 /* AppDelegate.swift in Sources */,
				1B7F158224757D8B00AC35C0 /* Helpers.swift in Sources */,
				1B7F158024756A1600AC35C0 /* SocketClient.swift in Sources */,
				1B7F156724755BB800AC35C0 /* SceneDelegate.swift in Sources */,
				1B7F158424757E4200AC35C0 /* Constants.swift in Sources */,
				1BBA1C21247593CF00E48B84 /* LocalParticipant.swift in Sources */,
				1BA138DE24964F74007EF8EC /* ScreenCapture.swift in Sources */,
				1B7F157E24756A0700AC35C0 /* WebRTCClient.swift in Sources */,
			);
			runOnlyForDeploymentPostprocessing = 0;
		};
/* End PBXSourcesBuildPhase section */

/* Begin PBXVariantGroup section */
		1B7F156A24755BB800AC35C0 /* Main.storyboard */ = {
			isa = PBXVariantGroup;
			children = (
				1B7F156B24755BB800AC35C0 /* Base */,
			);
			name = Main.storyboard;
			sourceTree = "<group>";
		};
		1B7F156F24755BBA00AC35C0 /* LaunchScreen.storyboard */ = {
			isa = PBXVariantGroup;
			children = (
				1B7F157024755BBA00AC35C0 /* Base */,
			);
			name = LaunchScreen.storyboard;
			sourceTree = "<group>";
		};
/* End PBXVariantGroup section */

/* Begin XCBuildConfiguration section */
		1B7F157324755BBA00AC35C0 /* Debug */ = {
			isa = XCBuildConfiguration;
			buildSettings = {
				ALWAYS_SEARCH_USER_PATHS = NO;
				CLANG_ANALYZER_NONNULL = YES;
				CLANG_ANALYZER_NUMBER_OBJECT_CONVERSION = YES_AGGRESSIVE;
				CLANG_CXX_LANGUAGE_STANDARD = "gnu++14";
				CLANG_CXX_LIBRARY = "libc++";
				CLANG_ENABLE_MODULES = YES;
				CLANG_ENABLE_OBJC_ARC = YES;
				CLANG_ENABLE_OBJC_WEAK = YES;
				CLANG_WARN_BLOCK_CAPTURE_AUTORELEASING = YES;
				CLANG_WARN_BOOL_CONVERSION = YES;
				CLANG_WARN_COMMA = YES;
				CLANG_WARN_CONSTANT_CONVERSION = YES;
				CLANG_WARN_DEPRECATED_OBJC_IMPLEMENTATIONS = YES;
				CLANG_WARN_DIRECT_OBJC_ISA_USAGE = YES_ERROR;
				CLANG_WARN_DOCUMENTATION_COMMENTS = YES;
				CLANG_WARN_EMPTY_BODY = YES;
				CLANG_WARN_ENUM_CONVERSION = YES;
				CLANG_WARN_INFINITE_RECURSION = YES;
				CLANG_WARN_INT_CONVERSION = YES;
				CLANG_WARN_NON_LITERAL_NULL_CONVERSION = YES;
				CLANG_WARN_OBJC_IMPLICIT_RETAIN_SELF = YES;
				CLANG_WARN_OBJC_LITERAL_CONVERSION = YES;
				CLANG_WARN_OBJC_ROOT_CLASS = YES_ERROR;
				CLANG_WARN_RANGE_LOOP_ANALYSIS = YES;
				CLANG_WARN_STRICT_PROTOTYPES = YES;
				CLANG_WARN_SUSPICIOUS_MOVE = YES;
				CLANG_WARN_UNGUARDED_AVAILABILITY = YES_AGGRESSIVE;
				CLANG_WARN_UNREACHABLE_CODE = YES;
				CLANG_WARN__DUPLICATE_METHOD_MATCH = YES;
				COPY_PHASE_STRIP = NO;
				DEBUG_INFORMATION_FORMAT = dwarf;
				ENABLE_STRICT_OBJC_MSGSEND = YES;
				ENABLE_TESTABILITY = YES;
				GCC_C_LANGUAGE_STANDARD = gnu11;
				GCC_DYNAMIC_NO_PIC = NO;
				GCC_NO_COMMON_BLOCKS = YES;
				GCC_OPTIMIZATION_LEVEL = 0;
				GCC_PREPROCESSOR_DEFINITIONS = (
					"DEBUG=1",
					"$(inherited)",
				);
				GCC_WARN_64_TO_32_BIT_CONVERSION = YES;
				GCC_WARN_ABOUT_RETURN_TYPE = YES_ERROR;
				GCC_WARN_UNDECLARED_SELECTOR = YES;
				GCC_WARN_UNINITIALIZED_AUTOS = YES_AGGRESSIVE;
				GCC_WARN_UNUSED_FUNCTION = YES;
				GCC_WARN_UNUSED_VARIABLE = YES;
				IPHONEOS_DEPLOYMENT_TARGET = 13.0;
				MTL_ENABLE_DEBUG_INFO = INCLUDE_SOURCE;
				MTL_FAST_MATH = YES;
				ONLY_ACTIVE_ARCH = YES;
				SDKROOT = iphoneos;
				SWIFT_ACTIVE_COMPILATION_CONDITIONS = DEBUG;
				SWIFT_OPTIMIZATION_LEVEL = "-Onone";
			};
			name = Debug;
		};
		1B7F157424755BBA00AC35C0 /* Release */ = {
			isa = XCBuildConfiguration;
			buildSettings = {
				ALWAYS_SEARCH_USER_PATHS = NO;
				CLANG_ANALYZER_NONNULL = YES;
				CLANG_ANALYZER_NUMBER_OBJECT_CONVERSION = YES_AGGRESSIVE;
				CLANG_CXX_LANGUAGE_STANDARD = "gnu++14";
				CLANG_CXX_LIBRARY = "libc++";
				CLANG_ENABLE_MODULES = YES;
				CLANG_ENABLE_OBJC_ARC = YES;
				CLANG_ENABLE_OBJC_WEAK = YES;
				CLANG_WARN_BLOCK_CAPTURE_AUTORELEASING = YES;
				CLANG_WARN_BOOL_CONVERSION = YES;
				CLANG_WARN_COMMA = YES;
				CLANG_WARN_CONSTANT_CONVERSION = YES;
				CLANG_WARN_DEPRECATED_OBJC_IMPLEMENTATIONS = YES;
				CLANG_WARN_DIRECT_OBJC_ISA_USAGE = YES_ERROR;
				CLANG_WARN_DOCUMENTATION_COMMENTS = YES;
				CLANG_WARN_EMPTY_BODY = YES;
				CLANG_WARN_ENUM_CONVERSION = YES;
				CLANG_WARN_INFINITE_RECURSION = YES;
				CLANG_WARN_INT_CONVERSION = YES;
				CLANG_WARN_NON_LITERAL_NULL_CONVERSION = YES;
				CLANG_WARN_OBJC_IMPLICIT_RETAIN_SELF = YES;
				CLANG_WARN_OBJC_LITERAL_CONVERSION = YES;
				CLANG_WARN_OBJC_ROOT_CLASS = YES_ERROR;
				CLANG_WARN_RANGE_LOOP_ANALYSIS = YES;
				CLANG_WARN_STRICT_PROTOTYPES = YES;
				CLANG_WARN_SUSPICIOUS_MOVE = YES;
				CLANG_WARN_UNGUARDED_AVAILABILITY = YES_AGGRESSIVE;
				CLANG_WARN_UNREACHABLE_CODE = YES;
				CLANG_WARN__DUPLICATE_METHOD_MATCH = YES;
				COPY_PHASE_STRIP = NO;
				DEBUG_INFORMATION_FORMAT = "dwarf-with-dsym";
				ENABLE_NS_ASSERTIONS = NO;
				ENABLE_STRICT_OBJC_MSGSEND = YES;
				GCC_C_LANGUAGE_STANDARD = gnu11;
				GCC_NO_COMMON_BLOCKS = YES;
				GCC_WARN_64_TO_32_BIT_CONVERSION = YES;
				GCC_WARN_ABOUT_RETURN_TYPE = YES_ERROR;
				GCC_WARN_UNDECLARED_SELECTOR = YES;
				GCC_WARN_UNINITIALIZED_AUTOS = YES_AGGRESSIVE;
				GCC_WARN_UNUSED_FUNCTION = YES;
				GCC_WARN_UNUSED_VARIABLE = YES;
				IPHONEOS_DEPLOYMENT_TARGET = 13.0;
				MTL_ENABLE_DEBUG_INFO = NO;
				MTL_FAST_MATH = YES;
				SDKROOT = iphoneos;
				SWIFT_COMPILATION_MODE = wholemodule;
				SWIFT_OPTIMIZATION_LEVEL = "-O";
				VALIDATE_PRODUCT = YES;
			};
			name = Release;
		};
		1B7F157624755BBA00AC35C0 /* Debug */ = {
			isa = XCBuildConfiguration;
			baseConfigurationReference = 5BBFF9E2DC2D1FDB53D799E1 /* Pods-VideoChat.debug.xcconfig */;
			buildSettings = {
				ASSETCATALOG_COMPILER_APPICON_NAME = AppIcon;
				CODE_SIGN_STYLE = Automatic;
				DEVELOPMENT_TEAM = LSW4PBP6C7;
				ENABLE_BITCODE = NO;
				INFOPLIST_FILE = VideoChat/Info.plist;
				LD_RUNPATH_SEARCH_PATHS = (
					"$(inherited)",
					"@executable_path/Frameworks",
				);
				PRODUCT_BUNDLE_IDENTIFIER = com.dinesh.VideoChat;
				PRODUCT_NAME = "$(TARGET_NAME)";
				SWIFT_VERSION = 5.0;
				TARGETED_DEVICE_FAMILY = "1,2";
			};
			name = Debug;
		};
		1B7F157724755BBA00AC35C0 /* Release */ = {
			isa = XCBuildConfiguration;
			baseConfigurationReference = 509CEE8141677179870970B9 /* Pods-VideoChat.release.xcconfig */;
			buildSettings = {
				ASSETCATALOG_COMPILER_APPICON_NAME = AppIcon;
				CODE_SIGN_STYLE = Automatic;
				DEVELOPMENT_TEAM = LSW4PBP6C7;
				ENABLE_BITCODE = NO;
				INFOPLIST_FILE = VideoChat/Info.plist;
				LD_RUNPATH_SEARCH_PATHS = (
					"$(inherited)",
					"@executable_path/Frameworks",
				);
				PRODUCT_BUNDLE_IDENTIFIER = com.dinesh.VideoChat;
				PRODUCT_NAME = "$(TARGET_NAME)";
				SWIFT_VERSION = 5.0;
				TARGETED_DEVICE_FAMILY = "1,2";
			};
			name = Release;
		};
/* End XCBuildConfiguration section */

/* Begin XCConfigurationList section */
		1B7F155C24755BB800AC35C0 /* Build configuration list for PBXProject "VideoChat" */ = {
			isa = XCConfigurationList;
			buildConfigurations = (
				1B7F157324755BBA00AC35C0 /* Debug */,
				1B7F157424755BBA00AC35C0 /* Release */,
			);
			defaultConfigurationIsVisible = 0;
			defaultConfigurationName = Release;
		};
		1B7F157524755BBA00AC35C0 /* Build configuration list for PBXNativeTarget "VideoChat" */ = {
			isa = XCConfigurationList;
			buildConfigurations = (
				1B7F157624755BBA00AC35C0 /* Debug */,
				1B7F157724755BBA00AC35C0 /* Release */,
			);
			defaultConfigurationIsVisible = 0;
			defaultConfigurationName = Release;
		};
/* End XCConfigurationList section */
	};
	rootObject = 1B7F155924755BB800AC35C0 /* Project object */;
}
